
Microsoft Visual Studio Solution File, Format Version 12.00
# Visual Studio 14
VisualStudioVersion = 14.0.25420.1
MinimumVisualStudioVersion = 10.0.40219.1
Project("{FAE04EC0-301F-11D3-BF4B-00C04F79EFBC}") = "SimpleCodeFirst", "SimpleCodeFirst\SimpleCodeFirst.csproj", "{DDA05220-494F-493A-AA5B-90A2550E57CA}"
EndProject
Project("{FAE04EC0-301F-11D3-BF4B-00C04F79EFBC}") = "Models", "Models\Models.csproj", "{61F4F451-A4E3-4E10-89DF-CDB26BFD2EB8}"
EndProject
Project("{FAE04EC0-301F-11D3-BF4B-00C04F79EFBC}") = "Repositories", "Repositories\Repositories.csproj", "{7B3DF94A-7D88-4015-8738-4B9816229236}"
EndProject
Global
	GlobalSection(SolutionConfigurationPlatforms) = preSolution
		Debug|Any CPU = Debug|Any CPU
		Release|Any CPU = Release|Any CPU
	EndGlobalSection
	GlobalSection(ProjectConfigurationPlatforms) = postSolution
		{DDA05220-494F-493A-AA5B-90A2550E57CA}.Debug|Any CPU.ActiveCfg = Debug|Any CPU
		{DDA05220-494F-493A-AA5B-90A2550E57CA}.Debug|Any CPU.Build.0 = Debug|Any CPU
		{DDA05220-494F-493A-AA5B-90A2550E57CA}.Release|Any CPU.ActiveCfg = Release|Any CPU
		{DDA05220-494F-493A-AA5B-90A2550E57CA}.Release|Any CPU.Build.0 = Release|Any CPU
		{61F4F451-A4E3-4E10-89DF-CDB26BFD2EB8}.Debug|Any CPU.ActiveCfg = Debug|Any CPU
		{61F4F451-A4E3-4E10-89DF-CDB26BFD2EB8}.Debug|Any CPU.Build.0 = Debug|Any CPU
		{61F4F451-A4E3-4E10-89DF-CDB26BFD2EB8}.Release|Any CPU.ActiveCfg = Release|Any CPU
		{61F4F451-A4E3-4E10-89DF-CDB26BFD2EB8}.Release|Any CPU.Build.0 = Release|Any CPU
		{7B3DF94A-7D88-4015-8738-4B9816229236}.Debug|Any CPU.ActiveCfg = Debug|Any CPU
		{7B3DF94A-7D88-4015-8738-4B9816229236}.Debug|Any CPU.Build.0 = Debug|Any CPU
		{7B3DF94A-7D88-4015-8738-4B9816229236}.Release|Any CPU.ActiveCfg = Release|Any CPU
		{7B3DF94A-7D88-4015-8738-4B9816229236}.Release|Any CPU.Build.0 = Release|Any CPU
	EndGlobalSection
	GlobalSection(SolutionProperties) = preSolution
		HideSolutionNode = FALSE
	EndGlobalSection
EndGlobal
