
Microsoft Visual Studio Solution File, Format Version 12.00
# Visual Studio 14
VisualStudioVersion = 14.0.25420.1
MinimumVisualStudioVersion = 10.0.40219.1
Project("{FAE04EC0-301F-11D3-BF4B-00C04F79EFBC}") = "SuperDev", "SuperDev.csproj", "{28CCFCE1-BBEF-485C-A8A0-161F626E37F0}"
EndProject
Project("{FAE04EC0-301F-11D3-BF4B-00C04F79EFBC}") = "SuperDev.Models", "..\SuperDev.Models\SuperDev.Models.csproj", "{945B14E1-670D-4A59-96D1-1C5D3729BF9C}"
EndProject
Project("{FAE04EC0-301F-11D3-BF4B-00C04F79EFBC}") = "SuperDev.Repositories", "SuperDev.Repositories\SuperDev.Repositories.csproj", "{96E73C6D-C204-4652-AADD-2C2AD84A5CE4}"
EndProject
Global
	GlobalSection(SolutionConfigurationPlatforms) = preSolution
		Debug|Any CPU = Debug|Any CPU
		Release|Any CPU = Release|Any CPU
	EndGlobalSection
	GlobalSection(ProjectConfigurationPlatforms) = postSolution
		{28CCFCE1-BBEF-485C-A8A0-161F626E37F0}.Debug|Any CPU.ActiveCfg = Debug|Any CPU
		{28CCFCE1-BBEF-485C-A8A0-161F626E37F0}.Debug|Any CPU.Build.0 = Debug|Any CPU
		{28CCFCE1-BBEF-485C-A8A0-161F626E37F0}.Release|Any CPU.ActiveCfg = Release|Any CPU
		{28CCFCE1-BBEF-485C-A8A0-161F626E37F0}.Release|Any CPU.Build.0 = Release|Any CPU
		{945B14E1-670D-4A59-96D1-1C5D3729BF9C}.Debug|Any CPU.ActiveCfg = Debug|Any CPU
		{945B14E1-670D-4A59-96D1-1C5D3729BF9C}.Debug|Any CPU.Build.0 = Debug|Any CPU
		{945B14E1-670D-4A59-96D1-1C5D3729BF9C}.Release|Any CPU.ActiveCfg = Release|Any CPU
		{945B14E1-670D-4A59-96D1-1C5D3729BF9C}.Release|Any CPU.Build.0 = Release|Any CPU
		{96E73C6D-C204-4652-AADD-2C2AD84A5CE4}.Debug|Any CPU.ActiveCfg = Debug|Any CPU
		{96E73C6D-C204-4652-AADD-2C2AD84A5CE4}.Debug|Any CPU.Build.0 = Debug|Any CPU
		{96E73C6D-C204-4652-AADD-2C2AD84A5CE4}.Release|Any CPU.ActiveCfg = Release|Any CPU
		{96E73C6D-C204-4652-AADD-2C2AD84A5CE4}.Release|Any CPU.Build.0 = Release|Any CPU
	EndGlobalSection
	GlobalSection(SolutionProperties) = preSolution
		HideSolutionNode = FALSE
	EndGlobalSection
EndGlobal
