
Microsoft Visual Studio Solution File, Format Version 12.00
# Visual Studio 15
VisualStudioVersion = 15.0.27130.2027
MinimumVisualStudioVersion = 10.0.40219.1
Project("{FAE04EC0-301F-11D3-BF4B-00C04F79EFBC}") = "Project", "Project\Project.csproj", "{67AB0104-0A82-4BF3-B82B-DA7AE67BC783}"
EndProject
Project("{FAE04EC0-301F-11D3-BF4B-00C04F79EFBC}") = "SuperDev.Models", "..\SuperDev.Models\SuperDev.Models.csproj", "{4B4735FD-4E2C-4744-A263-20F507C911B4}"
EndProject
Project("{FAE04EC0-301F-11D3-BF4B-00C04F79EFBC}") = "SuperDev.Repositories", "..\SuperDev.Repositories\SuperDev.Repositories.csproj", "{AF953309-81AE-4CAD-AC48-467BE7E49A9C}"
EndProject
Project("{FAE04EC0-301F-11D3-BF4B-00C04F79EFBC}") = "SuperDev.Services", "..\SuperDev.Services\SuperDev.Services.csproj", "{F4A7A682-68EF-4F2B-8448-BB9E8639190B}"
EndProject
Global
	GlobalSection(SolutionConfigurationPlatforms) = preSolution
		Debug|Any CPU = Debug|Any CPU
		Release|Any CPU = Release|Any CPU
	EndGlobalSection
	GlobalSection(ProjectConfigurationPlatforms) = postSolution
		{67AB0104-0A82-4BF3-B82B-DA7AE67BC783}.Debug|Any CPU.ActiveCfg = Debug|Any CPU
		{67AB0104-0A82-4BF3-B82B-DA7AE67BC783}.Debug|Any CPU.Build.0 = Debug|Any CPU
		{67AB0104-0A82-4BF3-B82B-DA7AE67BC783}.Release|Any CPU.ActiveCfg = Release|Any CPU
		{67AB0104-0A82-4BF3-B82B-DA7AE67BC783}.Release|Any CPU.Build.0 = Release|Any CPU
		{4B4735FD-4E2C-4744-A263-20F507C911B4}.Debug|Any CPU.ActiveCfg = Debug|Any CPU
		{4B4735FD-4E2C-4744-A263-20F507C911B4}.Debug|Any CPU.Build.0 = Debug|Any CPU
		{4B4735FD-4E2C-4744-A263-20F507C911B4}.Release|Any CPU.ActiveCfg = Release|Any CPU
		{4B4735FD-4E2C-4744-A263-20F507C911B4}.Release|Any CPU.Build.0 = Release|Any CPU
		{AF953309-81AE-4CAD-AC48-467BE7E49A9C}.Debug|Any CPU.ActiveCfg = Debug|Any CPU
		{AF953309-81AE-4CAD-AC48-467BE7E49A9C}.Debug|Any CPU.Build.0 = Debug|Any CPU
		{AF953309-81AE-4CAD-AC48-467BE7E49A9C}.Release|Any CPU.ActiveCfg = Release|Any CPU
		{AF953309-81AE-4CAD-AC48-467BE7E49A9C}.Release|Any CPU.Build.0 = Release|Any CPU
		{F4A7A682-68EF-4F2B-8448-BB9E8639190B}.Debug|Any CPU.ActiveCfg = Debug|Any CPU
		{F4A7A682-68EF-4F2B-8448-BB9E8639190B}.Debug|Any CPU.Build.0 = Debug|Any CPU
		{F4A7A682-68EF-4F2B-8448-BB9E8639190B}.Release|Any CPU.ActiveCfg = Release|Any CPU
		{F4A7A682-68EF-4F2B-8448-BB9E8639190B}.Release|Any CPU.Build.0 = Release|Any CPU
	EndGlobalSection
	GlobalSection(SolutionProperties) = preSolution
		HideSolutionNode = FALSE
	EndGlobalSection
	GlobalSection(ExtensibilityGlobals) = postSolution
		SolutionGuid = {696C6163-78F9-4691-87A8-C3D9E9221648}
	EndGlobalSection
EndGlobal
