
Microsoft Visual Studio Solution File, Format Version 12.00
# Visual Studio 15
VisualStudioVersion = 15.0.27130.2020
MinimumVisualStudioVersion = 10.0.40219.1
Project("{FAE04EC0-301F-11D3-BF4B-00C04F79EFBC}") = "SimpleCodeFirst", "SimpleCodeFirst\SimpleCodeFirst.csproj", "{145C172B-5660-4450-A0C5-3F88979712F8}"
EndProject
Project("{FAE04EC0-301F-11D3-BF4B-00C04F79EFBC}") = "Models", "Models\Models.csproj", "{F2C579BD-0E54-4231-9FB2-B26E55F558FF}"
EndProject
Project("{FAE04EC0-301F-11D3-BF4B-00C04F79EFBC}") = "Repositories", "Repositories\Repositories.csproj", "{0AAA8752-CD06-4616-833B-EA199C4B4B62}"
EndProject
Global
	GlobalSection(SolutionConfigurationPlatforms) = preSolution
		Debug|Any CPU = Debug|Any CPU
		Release|Any CPU = Release|Any CPU
	EndGlobalSection
	GlobalSection(ProjectConfigurationPlatforms) = postSolution
		{145C172B-5660-4450-A0C5-3F88979712F8}.Debug|Any CPU.ActiveCfg = Debug|Any CPU
		{145C172B-5660-4450-A0C5-3F88979712F8}.Debug|Any CPU.Build.0 = Debug|Any CPU
		{145C172B-5660-4450-A0C5-3F88979712F8}.Release|Any CPU.ActiveCfg = Release|Any CPU
		{145C172B-5660-4450-A0C5-3F88979712F8}.Release|Any CPU.Build.0 = Release|Any CPU
		{F2C579BD-0E54-4231-9FB2-B26E55F558FF}.Debug|Any CPU.ActiveCfg = Debug|Any CPU
		{F2C579BD-0E54-4231-9FB2-B26E55F558FF}.Debug|Any CPU.Build.0 = Debug|Any CPU
		{F2C579BD-0E54-4231-9FB2-B26E55F558FF}.Release|Any CPU.ActiveCfg = Release|Any CPU
		{F2C579BD-0E54-4231-9FB2-B26E55F558FF}.Release|Any CPU.Build.0 = Release|Any CPU
		{0AAA8752-CD06-4616-833B-EA199C4B4B62}.Debug|Any CPU.ActiveCfg = Debug|Any CPU
		{0AAA8752-CD06-4616-833B-EA199C4B4B62}.Debug|Any CPU.Build.0 = Debug|Any CPU
		{0AAA8752-CD06-4616-833B-EA199C4B4B62}.Release|Any CPU.ActiveCfg = Release|Any CPU
		{0AAA8752-CD06-4616-833B-EA199C4B4B62}.Release|Any CPU.Build.0 = Release|Any CPU
	EndGlobalSection
	GlobalSection(SolutionProperties) = preSolution
		HideSolutionNode = FALSE
	EndGlobalSection
	GlobalSection(ExtensibilityGlobals) = postSolution
		SolutionGuid = {C3766768-2132-4EFE-A052-7B56115E9523}
	EndGlobalSection
EndGlobal
