
Microsoft Visual Studio Solution File, Format Version 12.00
# Visual Studio 15
VisualStudioVersion = 15.0.27130.2010
MinimumVisualStudioVersion = 10.0.40219.1
Project("{FAE04EC0-301F-11D3-BF4B-00C04F79EFBC}") = "SampleCode_Lession03", "SampleCode_Lession03\SampleCode_Lession03.csproj", "{C11078C2-5815-4963-A0AD-78C678C136FF}"
EndProject
Project("{FAE04EC0-301F-11D3-BF4B-00C04F79EFBC}") = "Repositories", "Repositories\Repositories.csproj", "{1220FDB3-BC52-4817-9EB2-0E514A2353C2}"
EndProject
Project("{FAE04EC0-301F-11D3-BF4B-00C04F79EFBC}") = "Models", "Models\Models.csproj", "{1C2E7086-D69F-40E4-9279-FDE624F0689C}"
EndProject
Global
	GlobalSection(SolutionConfigurationPlatforms) = preSolution
		Debug|Any CPU = Debug|Any CPU
		Release|Any CPU = Release|Any CPU
	EndGlobalSection
	GlobalSection(ProjectConfigurationPlatforms) = postSolution
		{C11078C2-5815-4963-A0AD-78C678C136FF}.Debug|Any CPU.ActiveCfg = Debug|Any CPU
		{C11078C2-5815-4963-A0AD-78C678C136FF}.Debug|Any CPU.Build.0 = Debug|Any CPU
		{C11078C2-5815-4963-A0AD-78C678C136FF}.Release|Any CPU.ActiveCfg = Release|Any CPU
		{C11078C2-5815-4963-A0AD-78C678C136FF}.Release|Any CPU.Build.0 = Release|Any CPU
		{1220FDB3-BC52-4817-9EB2-0E514A2353C2}.Debug|Any CPU.ActiveCfg = Debug|Any CPU
		{1220FDB3-BC52-4817-9EB2-0E514A2353C2}.Debug|Any CPU.Build.0 = Debug|Any CPU
		{1220FDB3-BC52-4817-9EB2-0E514A2353C2}.Release|Any CPU.ActiveCfg = Release|Any CPU
		{1220FDB3-BC52-4817-9EB2-0E514A2353C2}.Release|Any CPU.Build.0 = Release|Any CPU
		{1C2E7086-D69F-40E4-9279-FDE624F0689C}.Debug|Any CPU.ActiveCfg = Debug|Any CPU
		{1C2E7086-D69F-40E4-9279-FDE624F0689C}.Debug|Any CPU.Build.0 = Debug|Any CPU
		{1C2E7086-D69F-40E4-9279-FDE624F0689C}.Release|Any CPU.ActiveCfg = Release|Any CPU
		{1C2E7086-D69F-40E4-9279-FDE624F0689C}.Release|Any CPU.Build.0 = Release|Any CPU
	EndGlobalSection
	GlobalSection(SolutionProperties) = preSolution
		HideSolutionNode = FALSE
	EndGlobalSection
	GlobalSection(ExtensibilityGlobals) = postSolution
		SolutionGuid = {17C2F5B8-9F2E-4087-B0C0-80412250BD4E}
	EndGlobalSection
EndGlobal
